
Microsoft Visual Studio Solution File, Format Version 12.00
# Visual Studio Version 17
VisualStudioVersion = 17.9.34701.34
MinimumVisualStudioVersion = 10.0.40219.1
Project("{2150E333-8FDC-42A3-9474-1A3956D46DE8}") = "Services", "Services", "{DAA2C91D-CD5D-4F52-8CC8-25F46D3AB370}"
EndProject
Project("{2150E333-8FDC-42A3-9474-1A3956D46DE8}") = "Catalog", "Catalog", "{D13A3023-B146-4040-94B5-73E3B5C427EE}"
EndProject
Project("{9A19103F-16F7-4668-BE54-9A1E7A4F7556}") = "MultiShop.Catalog", "Services\Catalog\MultiShop.Catalog\MultiShop.Catalog.csproj", "{6FEE235E-B1A1-4E78-A270-A99A3A4E75D4}"
EndProject
Project("{2150E333-8FDC-42A3-9474-1A3956D46DE8}") = "Discount", "Discount", "{D1F63A70-066D-42FC-B944-3D758DA822EF}"
EndProject
Project("{9A19103F-16F7-4668-BE54-9A1E7A4F7556}") = "MultiShop.Discount", "Services\Discount\MultiShop.Discount\MultiShop.Discount.csproj", "{BDA56149-51F1-4377-91F7-0EF65831825E}"
EndProject
Project("{2150E333-8FDC-42A3-9474-1A3956D46DE8}") = "Order", "Order", "{5C820E2A-4CC9-4503-B0FD-D8D0354725C2}"
EndProject
Project("{2150E333-8FDC-42A3-9474-1A3956D46DE8}") = "Core", "Core", "{5F22AA1C-F9AD-4D7E-9DDF-CB6FD297AA39}"
EndProject
Project("{2150E333-8FDC-42A3-9474-1A3956D46DE8}") = "Infrastructure", "Infrastructure", "{594BE6CB-B563-40D5-B228-53B181044B8D}"
EndProject
Project("{2150E333-8FDC-42A3-9474-1A3956D46DE8}") = "Presentation", "Presentation", "{D7E0A8D8-8F44-46DD-8E1F-305C49F02D2E}"
EndProject
Project("{9A19103F-16F7-4668-BE54-9A1E7A4F7556}") = "MultiShop.Order.Domain", "Services\Order\Core\MultiShop.Order.Domain\MultiShop.Order.Domain.csproj", "{4132FC1D-0941-4815-881F-589F0F174221}"
EndProject
Project("{9A19103F-16F7-4668-BE54-9A1E7A4F7556}") = "MultiShop.Order.Application", "Services\Order\Core\MultiShop.Order.Application\MultiShop.Order.Application.csproj", "{53277F8E-5BDF-400A-AA76-B327D37F56F5}"
EndProject
Project("{9A19103F-16F7-4668-BE54-9A1E7A4F7556}") = "MultiShop.Order.Persistence", "Services\Order\Infrastructure\MultiShop.Order.Persistence\MultiShop.Order.Persistence.csproj", "{8CA45E70-11A0-41B7-8806-BC750C398802}"
EndProject
Project("{9A19103F-16F7-4668-BE54-9A1E7A4F7556}") = "MultiShop.Order.WebApi", "Services\Order\Presentation\MultiShop.Order.WebApi\MultiShop.Order.WebApi.csproj", "{75C1432F-2B2D-43A3-BE36-4E706117CB6B}"
EndProject
Project("{2150E333-8FDC-42A3-9474-1A3956D46DE8}") = "IdentityServer", "IdentityServer", "{2B945F29-FAAC-4D29-A2DF-A30BDA0C370A}"
EndProject
Project("{9A19103F-16F7-4668-BE54-9A1E7A4F7556}") = "MultiShop.IdentityServer", "IdentityServer\MultiShop.IdentityServer\MultiShop.IdentityServer.csproj", "{2DA300B2-EF28-48DB-A55C-F6E261BECD73}"
EndProject
Project("{2150E333-8FDC-42A3-9474-1A3956D46DE8}") = "Requirements", "Requirements", "{FA1241EB-590C-4AC2-BFE9-CF7D56588A0D}"
	ProjectSection(SolutionItems) = preProject
		IdentityServerVersionErrorSolution.txt = IdentityServerVersionErrorSolution.txt
		PorteinerCmd.txt = PorteinerCmd.txt
		PortNumbers.txt = PortNumbers.txt
		TokenAcquisitionProcess.txt = TokenAcquisitionProcess.txt
	EndProjectSection
EndProject
Project("{2150E333-8FDC-42A3-9474-1A3956D46DE8}") = "Cargo", "Cargo", "{FD387A35-300A-497C-B12C-3B05CB600C77}"
EndProject
Project("{9A19103F-16F7-4668-BE54-9A1E7A4F7556}") = "MultiShop.Cargo.EntityLayer", "Services\Cargo\MultiShop.Cargo.EntityLayer\MultiShop.Cargo.EntityLayer.csproj", "{ABE050A9-265B-4BDC-A923-6FE0DFEBDA95}"
EndProject
Project("{9A19103F-16F7-4668-BE54-9A1E7A4F7556}") = "MultiShop.Cargo.BusinessLayer", "Services\Cargo\MultiShop.Cargo.BusinessLayer\MultiShop.Cargo.BusinessLayer.csproj", "{26D953FB-8D13-42B7-8DEC-5245D3AD5C24}"
EndProject
Project("{9A19103F-16F7-4668-BE54-9A1E7A4F7556}") = "MultiShop.Cargo.DataAccessLayer", "Services\Cargo\MultiShop.Cargo.DataAccessLayer\MultiShop.Cargo.DataAccessLayer.csproj", "{DF95FE10-2F2D-4F5C-84EB-3E246DC2AB2B}"
EndProject
Project("{9A19103F-16F7-4668-BE54-9A1E7A4F7556}") = "MultiShop.Cargo.DtoLayer", "Services\Cargo\MultiShop.Cargo.DtoLayer\MultiShop.Cargo.DtoLayer.csproj", "{2A3E5692-E640-4DB6-AF6D-758B140678B3}"
EndProject
Project("{9A19103F-16F7-4668-BE54-9A1E7A4F7556}") = "MultiShop.Cargo.WebApi", "Services\Cargo\MultiShop.Cargo.WebApi\MultiShop.Cargo.WebApi.csproj", "{650971C3-BCC7-4B52-B5C4-0DCBBAE7FCCD}"
EndProject
Project("{2150E333-8FDC-42A3-9474-1A3956D46DE8}") = "Basket", "Basket", "{63668F5F-34D2-46A8-BCAE-6502028CAECB}"
EndProject
Project("{9A19103F-16F7-4668-BE54-9A1E7A4F7556}") = "MultiShop.Basket", "Services\Basket\MultiShop.Basket\MultiShop.Basket.csproj", "{5D86C720-CD78-4CED-B045-332C40BA4BC1}"
EndProject
Project("{9A19103F-16F7-4668-BE54-9A1E7A4F7556}") = "MultiShop.WebUI", "Frontends\MultiShop.WebUI\MultiShop.WebUI.csproj", "{D7FF6BB9-85FE-4B28-B66A-774EF6822BB5}"
EndProject
Project("{2150E333-8FDC-42A3-9474-1A3956D46DE8}") = "Frontends", "Frontends", "{7E6B15A8-795A-40B5-A3D8-B0C8C86CFBD1}"
EndProject
Project("{FAE04EC0-301F-11D3-BF4B-00C04F79EFBC}") = "MultiShop.DtoLayer", "Frontends\MultiShop.DtoLayer\MultiShop.DtoLayer.csproj", "{457715E3-382F-4CE6-A461-F8765C7C045F}"
EndProject
Global
	GlobalSection(SolutionConfigurationPlatforms) = preSolution
		Debug|Any CPU = Debug|Any CPU
		Release|Any CPU = Release|Any CPU
	EndGlobalSection
	GlobalSection(ProjectConfigurationPlatforms) = postSolution
		{6FEE235E-B1A1-4E78-A270-A99A3A4E75D4}.Debug|Any CPU.ActiveCfg = Debug|Any CPU
		{6FEE235E-B1A1-4E78-A270-A99A3A4E75D4}.Debug|Any CPU.Build.0 = Debug|Any CPU
		{6FEE235E-B1A1-4E78-A270-A99A3A4E75D4}.Release|Any CPU.ActiveCfg = Release|Any CPU
		{6FEE235E-B1A1-4E78-A270-A99A3A4E75D4}.Release|Any CPU.Build.0 = Release|Any CPU
		{BDA56149-51F1-4377-91F7-0EF65831825E}.Debug|Any CPU.ActiveCfg = Debug|Any CPU
		{BDA56149-51F1-4377-91F7-0EF65831825E}.Debug|Any CPU.Build.0 = Debug|Any CPU
		{BDA56149-51F1-4377-91F7-0EF65831825E}.Release|Any CPU.ActiveCfg = Release|Any CPU
		{BDA56149-51F1-4377-91F7-0EF65831825E}.Release|Any CPU.Build.0 = Release|Any CPU
		{4132FC1D-0941-4815-881F-589F0F174221}.Debug|Any CPU.ActiveCfg = Debug|Any CPU
		{4132FC1D-0941-4815-881F-589F0F174221}.Debug|Any CPU.Build.0 = Debug|Any CPU
		{4132FC1D-0941-4815-881F-589F0F174221}.Release|Any CPU.ActiveCfg = Release|Any CPU
		{4132FC1D-0941-4815-881F-589F0F174221}.Release|Any CPU.Build.0 = Release|Any CPU
		{53277F8E-5BDF-400A-AA76-B327D37F56F5}.Debug|Any CPU.ActiveCfg = Debug|Any CPU
		{53277F8E-5BDF-400A-AA76-B327D37F56F5}.Debug|Any CPU.Build.0 = Debug|Any CPU
		{53277F8E-5BDF-400A-AA76-B327D37F56F5}.Release|Any CPU.ActiveCfg = Release|Any CPU
		{53277F8E-5BDF-400A-AA76-B327D37F56F5}.Release|Any CPU.Build.0 = Release|Any CPU
		{8CA45E70-11A0-41B7-8806-BC750C398802}.Debug|Any CPU.ActiveCfg = Debug|Any CPU
		{8CA45E70-11A0-41B7-8806-BC750C398802}.Debug|Any CPU.Build.0 = Debug|Any CPU
		{8CA45E70-11A0-41B7-8806-BC750C398802}.Release|Any CPU.ActiveCfg = Release|Any CPU
		{8CA45E70-11A0-41B7-8806-BC750C398802}.Release|Any CPU.Build.0 = Release|Any CPU
		{75C1432F-2B2D-43A3-BE36-4E706117CB6B}.Debug|Any CPU.ActiveCfg = Debug|Any CPU
		{75C1432F-2B2D-43A3-BE36-4E706117CB6B}.Debug|Any CPU.Build.0 = Debug|Any CPU
		{75C1432F-2B2D-43A3-BE36-4E706117CB6B}.Release|Any CPU.ActiveCfg = Release|Any CPU
		{75C1432F-2B2D-43A3-BE36-4E706117CB6B}.Release|Any CPU.Build.0 = Release|Any CPU
		{2DA300B2-EF28-48DB-A55C-F6E261BECD73}.Debug|Any CPU.ActiveCfg = Debug|Any CPU
		{2DA300B2-EF28-48DB-A55C-F6E261BECD73}.Debug|Any CPU.Build.0 = Debug|Any CPU
		{2DA300B2-EF28-48DB-A55C-F6E261BECD73}.Release|Any CPU.ActiveCfg = Release|Any CPU
		{2DA300B2-EF28-48DB-A55C-F6E261BECD73}.Release|Any CPU.Build.0 = Release|Any CPU
		{ABE050A9-265B-4BDC-A923-6FE0DFEBDA95}.Debug|Any CPU.ActiveCfg = Debug|Any CPU
		{ABE050A9-265B-4BDC-A923-6FE0DFEBDA95}.Debug|Any CPU.Build.0 = Debug|Any CPU
		{ABE050A9-265B-4BDC-A923-6FE0DFEBDA95}.Release|Any CPU.ActiveCfg = Release|Any CPU
		{ABE050A9-265B-4BDC-A923-6FE0DFEBDA95}.Release|Any CPU.Build.0 = Release|Any CPU
		{26D953FB-8D13-42B7-8DEC-5245D3AD5C24}.Debug|Any CPU.ActiveCfg = Debug|Any CPU
		{26D953FB-8D13-42B7-8DEC-5245D3AD5C24}.Debug|Any CPU.Build.0 = Debug|Any CPU
		{26D953FB-8D13-42B7-8DEC-5245D3AD5C24}.Release|Any CPU.ActiveCfg = Release|Any CPU
		{26D953FB-8D13-42B7-8DEC-5245D3AD5C24}.Release|Any CPU.Build.0 = Release|Any CPU
		{DF95FE10-2F2D-4F5C-84EB-3E246DC2AB2B}.Debug|Any CPU.ActiveCfg = Debug|Any CPU
		{DF95FE10-2F2D-4F5C-84EB-3E246DC2AB2B}.Debug|Any CPU.Build.0 = Debug|Any CPU
		{DF95FE10-2F2D-4F5C-84EB-3E246DC2AB2B}.Release|Any CPU.ActiveCfg = Release|Any CPU
		{DF95FE10-2F2D-4F5C-84EB-3E246DC2AB2B}.Release|Any CPU.Build.0 = Release|Any CPU
		{2A3E5692-E640-4DB6-AF6D-758B140678B3}.Debug|Any CPU.ActiveCfg = Debug|Any CPU
		{2A3E5692-E640-4DB6-AF6D-758B140678B3}.Debug|Any CPU.Build.0 = Debug|Any CPU
		{2A3E5692-E640-4DB6-AF6D-758B140678B3}.Release|Any CPU.ActiveCfg = Release|Any CPU
		{2A3E5692-E640-4DB6-AF6D-758B140678B3}.Release|Any CPU.Build.0 = Release|Any CPU
		{650971C3-BCC7-4B52-B5C4-0DCBBAE7FCCD}.Debug|Any CPU.ActiveCfg = Debug|Any CPU
		{650971C3-BCC7-4B52-B5C4-0DCBBAE7FCCD}.Debug|Any CPU.Build.0 = Debug|Any CPU
		{650971C3-BCC7-4B52-B5C4-0DCBBAE7FCCD}.Release|Any CPU.ActiveCfg = Release|Any CPU
		{650971C3-BCC7-4B52-B5C4-0DCBBAE7FCCD}.Release|Any CPU.Build.0 = Release|Any CPU
		{5D86C720-CD78-4CED-B045-332C40BA4BC1}.Debug|Any CPU.ActiveCfg = Debug|Any CPU
		{5D86C720-CD78-4CED-B045-332C40BA4BC1}.Debug|Any CPU.Build.0 = Debug|Any CPU
		{5D86C720-CD78-4CED-B045-332C40BA4BC1}.Release|Any CPU.ActiveCfg = Release|Any CPU
		{5D86C720-CD78-4CED-B045-332C40BA4BC1}.Release|Any CPU.Build.0 = Release|Any CPU
		{D7FF6BB9-85FE-4B28-B66A-774EF6822BB5}.Debug|Any CPU.ActiveCfg = Debug|Any CPU
		{D7FF6BB9-85FE-4B28-B66A-774EF6822BB5}.Debug|Any CPU.Build.0 = Debug|Any CPU
		{D7FF6BB9-85FE-4B28-B66A-774EF6822BB5}.Release|Any CPU.ActiveCfg = Release|Any CPU
		{D7FF6BB9-85FE-4B28-B66A-774EF6822BB5}.Release|Any CPU.Build.0 = Release|Any CPU
		{457715E3-382F-4CE6-A461-F8765C7C045F}.Debug|Any CPU.ActiveCfg = Debug|Any CPU
		{457715E3-382F-4CE6-A461-F8765C7C045F}.Debug|Any CPU.Build.0 = Debug|Any CPU
		{457715E3-382F-4CE6-A461-F8765C7C045F}.Release|Any CPU.ActiveCfg = Release|Any CPU
		{457715E3-382F-4CE6-A461-F8765C7C045F}.Release|Any CPU.Build.0 = Release|Any CPU
	EndGlobalSection
	GlobalSection(SolutionProperties) = preSolution
		HideSolutionNode = FALSE
	EndGlobalSection
	GlobalSection(NestedProjects) = preSolution
		{D13A3023-B146-4040-94B5-73E3B5C427EE} = {DAA2C91D-CD5D-4F52-8CC8-25F46D3AB370}
		{6FEE235E-B1A1-4E78-A270-A99A3A4E75D4} = {D13A3023-B146-4040-94B5-73E3B5C427EE}
		{D1F63A70-066D-42FC-B944-3D758DA822EF} = {DAA2C91D-CD5D-4F52-8CC8-25F46D3AB370}
		{BDA56149-51F1-4377-91F7-0EF65831825E} = {D1F63A70-066D-42FC-B944-3D758DA822EF}
		{5C820E2A-4CC9-4503-B0FD-D8D0354725C2} = {DAA2C91D-CD5D-4F52-8CC8-25F46D3AB370}
		{5F22AA1C-F9AD-4D7E-9DDF-CB6FD297AA39} = {5C820E2A-4CC9-4503-B0FD-D8D0354725C2}
		{594BE6CB-B563-40D5-B228-53B181044B8D} = {5C820E2A-4CC9-4503-B0FD-D8D0354725C2}
		{D7E0A8D8-8F44-46DD-8E1F-305C49F02D2E} = {5C820E2A-4CC9-4503-B0FD-D8D0354725C2}
		{4132FC1D-0941-4815-881F-589F0F174221} = {5F22AA1C-F9AD-4D7E-9DDF-CB6FD297AA39}
		{53277F8E-5BDF-400A-AA76-B327D37F56F5} = {5F22AA1C-F9AD-4D7E-9DDF-CB6FD297AA39}
		{8CA45E70-11A0-41B7-8806-BC750C398802} = {594BE6CB-B563-40D5-B228-53B181044B8D}
		{75C1432F-2B2D-43A3-BE36-4E706117CB6B} = {D7E0A8D8-8F44-46DD-8E1F-305C49F02D2E}
		{2DA300B2-EF28-48DB-A55C-F6E261BECD73} = {2B945F29-FAAC-4D29-A2DF-A30BDA0C370A}
		{FD387A35-300A-497C-B12C-3B05CB600C77} = {DAA2C91D-CD5D-4F52-8CC8-25F46D3AB370}
		{ABE050A9-265B-4BDC-A923-6FE0DFEBDA95} = {FD387A35-300A-497C-B12C-3B05CB600C77}
		{26D953FB-8D13-42B7-8DEC-5245D3AD5C24} = {FD387A35-300A-497C-B12C-3B05CB600C77}
		{DF95FE10-2F2D-4F5C-84EB-3E246DC2AB2B} = {FD387A35-300A-497C-B12C-3B05CB600C77}
		{2A3E5692-E640-4DB6-AF6D-758B140678B3} = {FD387A35-300A-497C-B12C-3B05CB600C77}
		{650971C3-BCC7-4B52-B5C4-0DCBBAE7FCCD} = {FD387A35-300A-497C-B12C-3B05CB600C77}
		{63668F5F-34D2-46A8-BCAE-6502028CAECB} = {DAA2C91D-CD5D-4F52-8CC8-25F46D3AB370}
		{5D86C720-CD78-4CED-B045-332C40BA4BC1} = {63668F5F-34D2-46A8-BCAE-6502028CAECB}
		{D7FF6BB9-85FE-4B28-B66A-774EF6822BB5} = {7E6B15A8-795A-40B5-A3D8-B0C8C86CFBD1}
		{457715E3-382F-4CE6-A461-F8765C7C045F} = {7E6B15A8-795A-40B5-A3D8-B0C8C86CFBD1}
	EndGlobalSection
	GlobalSection(ExtensibilityGlobals) = postSolution
		SolutionGuid = {CE15B9A3-ED58-4FF6-81D5-8191BD56BE59}
	EndGlobalSection
EndGlobal
